// !$*UTF8*$!
{
	archiveVersion = 1;
	classes = {
	};
	objectVersion = 55;
	objects = {

/* Begin PBXBuildFile section */
		0DC923412884B5DB007783EB /* FourSquareApp.swift in Sources */ = {isa = PBXBuildFile; fileRef = 0DC923402884B5DB007783EB /* FourSquareApp.swift */; };
		0DC923452884B5DD007783EB /* Assets.xcassets in Resources */ = {isa = PBXBuildFile; fileRef = 0DC923442884B5DD007783EB /* Assets.xcassets */; };
		0DC923482884B5DD007783EB /* Preview Assets.xcassets in Resources */ = {isa = PBXBuildFile; fileRef = 0DC923472884B5DD007783EB /* Preview Assets.xcassets */; };
		0DC923522884B5DE007783EB /* FourSquareTests.swift in Sources */ = {isa = PBXBuildFile; fileRef = 0DC923512884B5DE007783EB /* FourSquareTests.swift */; };
		0DC9235C2884B5DE007783EB /* FourSquareUITests.swift in Sources */ = {isa = PBXBuildFile; fileRef = 0DC9235B2884B5DE007783EB /* FourSquareUITests.swift */; };
		0DC9235E2884B5DE007783EB /* FourSquareUITestsLaunchTests.swift in Sources */ = {isa = PBXBuildFile; fileRef = 0DC9235D2884B5DE007783EB /* FourSquareUITestsLaunchTests.swift */; };
		0DC9236C2885E06C007783EB /* Requestable.swift in Sources */ = {isa = PBXBuildFile; fileRef = 0DC9236B2885E06C007783EB /* Requestable.swift */; };
		0DC9236E2885E0E7007783EB /* NetworkRequest.swift in Sources */ = {isa = PBXBuildFile; fileRef = 0DC9236D2885E0E7007783EB /* NetworkRequest.swift */; };
		0DC923702885E326007783EB /* HTTPMethod.swift in Sources */ = {isa = PBXBuildFile; fileRef = 0DC9236F2885E326007783EB /* HTTPMethod.swift */; };
		0DC923722885E334007783EB /* NetworkError.swift in Sources */ = {isa = PBXBuildFile; fileRef = 0DC923712885E334007783EB /* NetworkError.swift */; };
		0DC923742885E343007783EB /* APIClient.swift in Sources */ = {isa = PBXBuildFile; fileRef = 0DC923732885E343007783EB /* APIClient.swift */; };
		0DC923762885E354007783EB /* Environment.swift in Sources */ = {isa = PBXBuildFile; fileRef = 0DC923752885E354007783EB /* Environment.swift */; };
		0DC923792885E478007783EB /* URL+Extensions.swift in Sources */ = {isa = PBXBuildFile; fileRef = 0DC923782885E478007783EB /* URL+Extensions.swift */; };
		0DC9237F2885ECFE007783EB /* Bundle+Extensions.swift in Sources */ = {isa = PBXBuildFile; fileRef = 0DC9237E2885ECFE007783EB /* Bundle+Extensions.swift */; };
		0DC923822885EF07007783EB /* Reachability.swift in Sources */ = {isa = PBXBuildFile; fileRef = 0DC923812885EF07007783EB /* Reachability.swift */; };
		0DC923892885F20E007783EB /* PlacesSearchEndpoints.swift in Sources */ = {isa = PBXBuildFile; fileRef = 0DC923882885F20E007783EB /* PlacesSearchEndpoints.swift */; };
		0DC9238B2885F5FA007783EB /* PlacesSearchService.swift in Sources */ = {isa = PBXBuildFile; fileRef = 0DC9238A2885F5FA007783EB /* PlacesSearchService.swift */; };
		0DC9238E2885F62F007783EB /* FSResponse.swift in Sources */ = {isa = PBXBuildFile; fileRef = 0DC9238D2885F62F007783EB /* FSResponse.swift */; };
		0DC9239A2887FC33007783EB /* VenuesViewModel.swift in Sources */ = {isa = PBXBuildFile; fileRef = 0DC923992887FC33007783EB /* VenuesViewModel.swift */; };
		0DC9239C2887FC40007783EB /* VenuesView.swift in Sources */ = {isa = PBXBuildFile; fileRef = 0DC9239B2887FC40007783EB /* VenuesView.swift */; };
		0DC923A52887FEB6007783EB /* LoadableData.swift in Sources */ = {isa = PBXBuildFile; fileRef = 0DC923A42887FEB6007783EB /* LoadableData.swift */; };
		0DC923A728883274007783EB /* ErrorViewModel.swift in Sources */ = {isa = PBXBuildFile; fileRef = 0DC923A628883274007783EB /* ErrorViewModel.swift */; };
		0DC923A92888327F007783EB /* ErrorView.swift in Sources */ = {isa = PBXBuildFile; fileRef = 0DC923A82888327F007783EB /* ErrorView.swift */; };
		0DC923AB288832D0007783EB /* PrimaryActionButton.swift in Sources */ = {isa = PBXBuildFile; fileRef = 0DC923AA288832D0007783EB /* PrimaryActionButton.swift */; };
		0DC923AD28883309007783EB /* UIImage+Extensions.swift in Sources */ = {isa = PBXBuildFile; fileRef = 0DC923AC28883309007783EB /* UIImage+Extensions.swift */; };
		0DC923AF2888333A007783EB /* LoadingView.swift in Sources */ = {isa = PBXBuildFile; fileRef = 0DC923AE2888333A007783EB /* LoadingView.swift */; };
		0DC923B12888335C007783EB /* EmptyResultsView.swift in Sources */ = {isa = PBXBuildFile; fileRef = 0DC923B02888335C007783EB /* EmptyResultsView.swift */; };
		0DC923B328883369007783EB /* EmptyResultsViewModel.swift in Sources */ = {isa = PBXBuildFile; fileRef = 0DC923B228883369007783EB /* EmptyResultsViewModel.swift */; };
		0DC923B52888368A007783EB /* FSError.swift in Sources */ = {isa = PBXBuildFile; fileRef = 0DC923B42888368A007783EB /* FSError.swift */; };
		0DC923B728884629007783EB /* UserLocationService.swift in Sources */ = {isa = PBXBuildFile; fileRef = 0DC923B628884629007783EB /* UserLocationService.swift */; };
		0DC923B928884BB2007783EB /* Publisher+Extensions.swift in Sources */ = {isa = PBXBuildFile; fileRef = 0DC923B828884BB2007783EB /* Publisher+Extensions.swift */; };
		0DC923BC28885B0B007783EB /* Settings.bundle in Resources */ = {isa = PBXBuildFile; fileRef = 0DC923BB28885B0B007783EB /* Settings.bundle */; };
/* End PBXBuildFile section */

/* Begin PBXContainerItemProxy section */
		0DC9234E2884B5DD007783EB /* PBXContainerItemProxy */ = {
			isa = PBXContainerItemProxy;
			containerPortal = 0DC923352884B5DB007783EB /* Project object */;
			proxyType = 1;
			remoteGlobalIDString = 0DC9233C2884B5DB007783EB;
			remoteInfo = FourSquare;
		};
		0DC923582884B5DE007783EB /* PBXContainerItemProxy */ = {
			isa = PBXContainerItemProxy;
			containerPortal = 0DC923352884B5DB007783EB /* Project object */;
			proxyType = 1;
			remoteGlobalIDString = 0DC9233C2884B5DB007783EB;
			remoteInfo = FourSquare;
		};
/* End PBXContainerItemProxy section */

/* Begin PBXFileReference section */
		0DC9233D2884B5DB007783EB /* FourSquare.app */ = {isa = PBXFileReference; explicitFileType = wrapper.application; includeInIndex = 0; path = FourSquare.app; sourceTree = BUILT_PRODUCTS_DIR; };
		0DC923402884B5DB007783EB /* FourSquareApp.swift */ = {isa = PBXFileReference; lastKnownFileType = sourcecode.swift; path = FourSquareApp.swift; sourceTree = "<group>"; };
		0DC923442884B5DD007783EB /* Assets.xcassets */ = {isa = PBXFileReference; lastKnownFileType = folder.assetcatalog; path = Assets.xcassets; sourceTree = "<group>"; };
		0DC923472884B5DD007783EB /* Preview Assets.xcassets */ = {isa = PBXFileReference; lastKnownFileType = folder.assetcatalog; path = "Preview Assets.xcassets"; sourceTree = "<group>"; };
		0DC9234D2884B5DD007783EB /* FourSquareTests.xctest */ = {isa = PBXFileReference; explicitFileType = wrapper.cfbundle; includeInIndex = 0; path = FourSquareTests.xctest; sourceTree = BUILT_PRODUCTS_DIR; };
		0DC923512884B5DE007783EB /* FourSquareTests.swift */ = {isa = PBXFileReference; lastKnownFileType = sourcecode.swift; path = FourSquareTests.swift; sourceTree = "<group>"; };
		0DC923572884B5DE007783EB /* FourSquareUITests.xctest */ = {isa = PBXFileReference; explicitFileType = wrapper.cfbundle; includeInIndex = 0; path = FourSquareUITests.xctest; sourceTree = BUILT_PRODUCTS_DIR; };
		0DC9235B2884B5DE007783EB /* FourSquareUITests.swift */ = {isa = PBXFileReference; lastKnownFileType = sourcecode.swift; path = FourSquareUITests.swift; sourceTree = "<group>"; };
		0DC9235D2884B5DE007783EB /* FourSquareUITestsLaunchTests.swift */ = {isa = PBXFileReference; lastKnownFileType = sourcecode.swift; path = FourSquareUITestsLaunchTests.swift; sourceTree = "<group>"; };
		0DC9236B2885E06C007783EB /* Requestable.swift */ = {isa = PBXFileReference; lastKnownFileType = sourcecode.swift; path = Requestable.swift; sourceTree = "<group>"; };
		0DC9236D2885E0E7007783EB /* NetworkRequest.swift */ = {isa = PBXFileReference; lastKnownFileType = sourcecode.swift; path = NetworkRequest.swift; sourceTree = "<group>"; };
		0DC9236F2885E326007783EB /* HTTPMethod.swift */ = {isa = PBXFileReference; lastKnownFileType = sourcecode.swift; path = HTTPMethod.swift; sourceTree = "<group>"; };
		0DC923712885E334007783EB /* NetworkError.swift */ = {isa = PBXFileReference; lastKnownFileType = sourcecode.swift; path = NetworkError.swift; sourceTree = "<group>"; };
		0DC923732885E343007783EB /* APIClient.swift */ = {isa = PBXFileReference; lastKnownFileType = sourcecode.swift; path = APIClient.swift; sourceTree = "<group>"; };
		0DC923752885E354007783EB /* Environment.swift */ = {isa = PBXFileReference; lastKnownFileType = sourcecode.swift; path = Environment.swift; sourceTree = "<group>"; };
		0DC923782885E478007783EB /* URL+Extensions.swift */ = {isa = PBXFileReference; lastKnownFileType = sourcecode.swift; path = "URL+Extensions.swift"; sourceTree = "<group>"; };
		0DC9237B2885E933007783EB /* development.xcconfig */ = {isa = PBXFileReference; lastKnownFileType = text.xcconfig; path = development.xcconfig; sourceTree = "<group>"; };
		0DC9237C2885E943007783EB /* release.xcconfig */ = {isa = PBXFileReference; lastKnownFileType = text.xcconfig; path = release.xcconfig; sourceTree = "<group>"; };
		0DC9237D2885EB99007783EB /* Info.plist */ = {isa = PBXFileReference; lastKnownFileType = text.plist; path = Info.plist; sourceTree = "<group>"; };
		0DC9237E2885ECFE007783EB /* Bundle+Extensions.swift */ = {isa = PBXFileReference; lastKnownFileType = sourcecode.swift; path = "Bundle+Extensions.swift"; sourceTree = "<group>"; };
		0DC923812885EF07007783EB /* Reachability.swift */ = {isa = PBXFileReference; lastKnownFileType = sourcecode.swift; path = Reachability.swift; sourceTree = "<group>"; };
		0DC923882885F20E007783EB /* PlacesSearchEndpoints.swift */ = {isa = PBXFileReference; lastKnownFileType = sourcecode.swift; path = PlacesSearchEndpoints.swift; sourceTree = "<group>"; };
		0DC9238A2885F5FA007783EB /* PlacesSearchService.swift */ = {isa = PBXFileReference; lastKnownFileType = sourcecode.swift; path = PlacesSearchService.swift; sourceTree = "<group>"; };
		0DC9238D2885F62F007783EB /* FSResponse.swift */ = {isa = PBXFileReference; lastKnownFileType = sourcecode.swift; path = FSResponse.swift; sourceTree = "<group>"; };
		0DC923992887FC33007783EB /* VenuesViewModel.swift */ = {isa = PBXFileReference; lastKnownFileType = sourcecode.swift; path = VenuesViewModel.swift; sourceTree = "<group>"; };
		0DC9239B2887FC40007783EB /* VenuesView.swift */ = {isa = PBXFileReference; lastKnownFileType = sourcecode.swift; path = VenuesView.swift; sourceTree = "<group>"; };
		0DC923A42887FEB6007783EB /* LoadableData.swift */ = {isa = PBXFileReference; lastKnownFileType = sourcecode.swift; path = LoadableData.swift; sourceTree = "<group>"; };
		0DC923A628883274007783EB /* ErrorViewModel.swift */ = {isa = PBXFileReference; lastKnownFileType = sourcecode.swift; path = ErrorViewModel.swift; sourceTree = "<group>"; };
		0DC923A82888327F007783EB /* ErrorView.swift */ = {isa = PBXFileReference; lastKnownFileType = sourcecode.swift; path = ErrorView.swift; sourceTree = "<group>"; };
		0DC923AA288832D0007783EB /* PrimaryActionButton.swift */ = {isa = PBXFileReference; lastKnownFileType = sourcecode.swift; path = PrimaryActionButton.swift; sourceTree = "<group>"; };
		0DC923AC28883309007783EB /* UIImage+Extensions.swift */ = {isa = PBXFileReference; lastKnownFileType = sourcecode.swift; path = "UIImage+Extensions.swift"; sourceTree = "<group>"; };
		0DC923AE2888333A007783EB /* LoadingView.swift */ = {isa = PBXFileReference; lastKnownFileType = sourcecode.swift; path = LoadingView.swift; sourceTree = "<group>"; };
		0DC923B02888335C007783EB /* EmptyResultsView.swift */ = {isa = PBXFileReference; lastKnownFileType = sourcecode.swift; path = EmptyResultsView.swift; sourceTree = "<group>"; };
		0DC923B228883369007783EB /* EmptyResultsViewModel.swift */ = {isa = PBXFileReference; lastKnownFileType = sourcecode.swift; path = EmptyResultsViewModel.swift; sourceTree = "<group>"; };
		0DC923B42888368A007783EB /* FSError.swift */ = {isa = PBXFileReference; lastKnownFileType = sourcecode.swift; path = FSError.swift; sourceTree = "<group>"; };
		0DC923B628884629007783EB /* UserLocationService.swift */ = {isa = PBXFileReference; lastKnownFileType = sourcecode.swift; path = UserLocationService.swift; sourceTree = "<group>"; };
		0DC923B828884BB2007783EB /* Publisher+Extensions.swift */ = {isa = PBXFileReference; lastKnownFileType = sourcecode.swift; path = "Publisher+Extensions.swift"; sourceTree = "<group>"; };
		0DC923BB28885B0B007783EB /* Settings.bundle */ = {isa = PBXFileReference; lastKnownFileType = "wrapper.plug-in"; path = Settings.bundle; sourceTree = "<group>"; };
/* End PBXFileReference section */

/* Begin PBXFrameworksBuildPhase section */
		0DC9233A2884B5DB007783EB /* Frameworks */ = {
			isa = PBXFrameworksBuildPhase;
			buildActionMask = 2147483647;
			files = (
			);
			runOnlyForDeploymentPostprocessing = 0;
		};
		0DC9234A2884B5DD007783EB /* Frameworks */ = {
			isa = PBXFrameworksBuildPhase;
			buildActionMask = 2147483647;
			files = (
			);
			runOnlyForDeploymentPostprocessing = 0;
		};
		0DC923542884B5DE007783EB /* Frameworks */ = {
			isa = PBXFrameworksBuildPhase;
			buildActionMask = 2147483647;
			files = (
			);
			runOnlyForDeploymentPostprocessing = 0;
		};
/* End PBXFrameworksBuildPhase section */

/* Begin PBXGroup section */
		0DC923342884B5DB007783EB = {
			isa = PBXGroup;
			children = (
				0DC923402884B5DB007783EB /* FourSquareApp.swift */,
				0DC9233F2884B5DB007783EB /* FourSquare */,
				0DC923502884B5DE007783EB /* FourSquareTests */,
				0DC9235A2884B5DE007783EB /* FourSquareUITests */,
				0DC9233E2884B5DB007783EB /* Products */,
			);
			sourceTree = "<group>";
		};
		0DC9233E2884B5DB007783EB /* Products */ = {
			isa = PBXGroup;
			children = (
				0DC9233D2884B5DB007783EB /* FourSquare.app */,
				0DC9234D2884B5DD007783EB /* FourSquareTests.xctest */,
				0DC923572884B5DE007783EB /* FourSquareUITests.xctest */,
			);
			name = Products;
			sourceTree = "<group>";
		};
		0DC9233F2884B5DB007783EB /* FourSquare */ = {
			isa = PBXGroup;
			children = (
				0DC923972887FC04007783EB /* UI */,
				0DC9238C2885F610007783EB /* Models */,
				0DC923832885EF23007783EB /* Repositories */,
				0DC923802885EEF4007783EB /* Common */,
				0DC9237A2885E912007783EB /* Configurations */,
				0DC923772885E465007783EB /* Extensions */,
				0DC9236A2885E054007783EB /* APIHandler */,
				0DC923442884B5DD007783EB /* Assets.xcassets */,
				0DC923462884B5DD007783EB /* Preview Content */,
				0DC923BA28885AFA007783EB /* Resources */,
				0DC9237D2885EB99007783EB /* Info.plist */,
			);
			path = FourSquare;
			sourceTree = "<group>";
		};
		0DC923462884B5DD007783EB /* Preview Content */ = {
			isa = PBXGroup;
			children = (
				0DC923472884B5DD007783EB /* Preview Assets.xcassets */,
			);
			path = "Preview Content";
			sourceTree = "<group>";
		};
		0DC923502884B5DE007783EB /* FourSquareTests */ = {
			isa = PBXGroup;
			children = (
				0DC923512884B5DE007783EB /* FourSquareTests.swift */,
			);
			path = FourSquareTests;
			sourceTree = "<group>";
		};
		0DC9235A2884B5DE007783EB /* FourSquareUITests */ = {
			isa = PBXGroup;
			children = (
				0DC9235B2884B5DE007783EB /* FourSquareUITests.swift */,
				0DC9235D2884B5DE007783EB /* FourSquareUITestsLaunchTests.swift */,
			);
			path = FourSquareUITests;
			sourceTree = "<group>";
		};
		0DC9236A2885E054007783EB /* APIHandler */ = {
			isa = PBXGroup;
			children = (
				0DC9236B2885E06C007783EB /* Requestable.swift */,
				0DC9236D2885E0E7007783EB /* NetworkRequest.swift */,
				0DC9236F2885E326007783EB /* HTTPMethod.swift */,
				0DC923712885E334007783EB /* NetworkError.swift */,
				0DC923732885E343007783EB /* APIClient.swift */,
				0DC923752885E354007783EB /* Environment.swift */,
			);
			path = APIHandler;
			sourceTree = "<group>";
		};
		0DC923772885E465007783EB /* Extensions */ = {
			isa = PBXGroup;
			children = (
				0DC923782885E478007783EB /* URL+Extensions.swift */,
				0DC9237E2885ECFE007783EB /* Bundle+Extensions.swift */,
				0DC923AC28883309007783EB /* UIImage+Extensions.swift */,
				0DC923B828884BB2007783EB /* Publisher+Extensions.swift */,
			);
			path = Extensions;
			sourceTree = "<group>";
		};
		0DC9237A2885E912007783EB /* Configurations */ = {
			isa = PBXGroup;
			children = (
				0DC9237B2885E933007783EB /* development.xcconfig */,
				0DC9237C2885E943007783EB /* release.xcconfig */,
			);
			path = Configurations;
			sourceTree = "<group>";
		};
		0DC923802885EEF4007783EB /* Common */ = {
			isa = PBXGroup;
			children = (
				0DC9239D2887FCC4007783EB /* Views */,
				0DC923812885EF07007783EB /* Reachability.swift */,
				0DC923A42887FEB6007783EB /* LoadableData.swift */,
				0DC923B42888368A007783EB /* FSError.swift */,
			);
			path = Common;
			sourceTree = "<group>";
		};
		0DC923832885EF23007783EB /* Repositories */ = {
			isa = PBXGroup;
			children = (
				0DC923862885EF49007783EB /* LocationService */,
				0DC923842885EF34007783EB /* PlacesSearch */,
			);
			path = Repositories;
			sourceTree = "<group>";
		};
		0DC923842885EF34007783EB /* PlacesSearch */ = {
			isa = PBXGroup;
			children = (
				0DC923872885F1EB007783EB /* Endpoints */,
				0DC9238A2885F5FA007783EB /* PlacesSearchService.swift */,
			);
			path = PlacesSearch;
			sourceTree = "<group>";
		};
		0DC923862885EF49007783EB /* LocationService */ = {
			isa = PBXGroup;
			children = (
				0DC923B628884629007783EB /* UserLocationService.swift */,
			);
			path = LocationService;
			sourceTree = "<group>";
		};
		0DC923872885F1EB007783EB /* Endpoints */ = {
			isa = PBXGroup;
			children = (
				0DC923882885F20E007783EB /* PlacesSearchEndpoints.swift */,
			);
			path = Endpoints;
			sourceTree = "<group>";
		};
		0DC9238C2885F610007783EB /* Models */ = {
			isa = PBXGroup;
			children = (
				0DC9238D2885F62F007783EB /* FSResponse.swift */,
			);
			path = Models;
			sourceTree = "<group>";
		};
		0DC923972887FC04007783EB /* UI */ = {
			isa = PBXGroup;
			children = (
				0DC923982887FC0C007783EB /* VenuesList */,
			);
			path = UI;
			sourceTree = "<group>";
		};
		0DC923982887FC0C007783EB /* VenuesList */ = {
			isa = PBXGroup;
			children = (
				0DC923992887FC33007783EB /* VenuesViewModel.swift */,
				0DC9239B2887FC40007783EB /* VenuesView.swift */,
			);
			path = VenuesList;
			sourceTree = "<group>";
		};
		0DC9239D2887FCC4007783EB /* Views */ = {
			isa = PBXGroup;
			children = (
				0DC923A12887FCEB007783EB /* ErrorView */,
				0DC923A02887FCE3007783EB /* LoadingView */,
				0DC9239F2887FCD6007783EB /* EmptyResultsView */,
				0DC9239E2887FCCE007783EB /* Buttons */,
			);
			path = Views;
			sourceTree = "<group>";
		};
		0DC9239E2887FCCE007783EB /* Buttons */ = {
			isa = PBXGroup;
			children = (
				0DC923AA288832D0007783EB /* PrimaryActionButton.swift */,
			);
			path = Buttons;
			sourceTree = "<group>";
		};
		0DC9239F2887FCD6007783EB /* EmptyResultsView */ = {
			isa = PBXGroup;
			children = (
				0DC923B02888335C007783EB /* EmptyResultsView.swift */,
				0DC923B228883369007783EB /* EmptyResultsViewModel.swift */,
			);
			path = EmptyResultsView;
			sourceTree = "<group>";
		};
		0DC923A02887FCE3007783EB /* LoadingView */ = {
			isa = PBXGroup;
			children = (
				0DC923AE2888333A007783EB /* LoadingView.swift */,
			);
			path = LoadingView;
			sourceTree = "<group>";
		};
		0DC923A12887FCEB007783EB /* ErrorView */ = {
			isa = PBXGroup;
			children = (
				0DC923A628883274007783EB /* ErrorViewModel.swift */,
				0DC923A82888327F007783EB /* ErrorView.swift */,
			);
			path = ErrorView;
			sourceTree = "<group>";
		};
		0DC923BA28885AFA007783EB /* Resources */ = {
			isa = PBXGroup;
			children = (
				0DC923BB28885B0B007783EB /* Settings.bundle */,
			);
			path = Resources;
			sourceTree = "<group>";
		};
/* End PBXGroup section */

/* Begin PBXNativeTarget section */
		0DC9233C2884B5DB007783EB /* FourSquare */ = {
			isa = PBXNativeTarget;
			buildConfigurationList = 0DC923612884B5DE007783EB /* Build configuration list for PBXNativeTarget "FourSquare" */;
			buildPhases = (
				0DC923392884B5DB007783EB /* Sources */,
				0DC9233A2884B5DB007783EB /* Frameworks */,
				0DC9233B2884B5DB007783EB /* Resources */,
			);
			buildRules = (
			);
			dependencies = (
			);
			name = FourSquare;
			productName = FourSquare;
			productReference = 0DC9233D2884B5DB007783EB /* FourSquare.app */;
			productType = "com.apple.product-type.application";
		};
		0DC9234C2884B5DD007783EB /* FourSquareTests */ = {
			isa = PBXNativeTarget;
			buildConfigurationList = 0DC923642884B5DE007783EB /* Build configuration list for PBXNativeTarget "FourSquareTests" */;
			buildPhases = (
				0DC923492884B5DD007783EB /* Sources */,
				0DC9234A2884B5DD007783EB /* Frameworks */,
				0DC9234B2884B5DD007783EB /* Resources */,
			);
			buildRules = (
			);
			dependencies = (
				0DC9234F2884B5DD007783EB /* PBXTargetDependency */,
			);
			name = FourSquareTests;
			productName = FourSquareTests;
			productReference = 0DC9234D2884B5DD007783EB /* FourSquareTests.xctest */;
			productType = "com.apple.product-type.bundle.unit-test";
		};
		0DC923562884B5DE007783EB /* FourSquareUITests */ = {
			isa = PBXNativeTarget;
			buildConfigurationList = 0DC923672884B5DE007783EB /* Build configuration list for PBXNativeTarget "FourSquareUITests" */;
			buildPhases = (
				0DC923532884B5DE007783EB /* Sources */,
				0DC923542884B5DE007783EB /* Frameworks */,
				0DC923552884B5DE007783EB /* Resources */,
			);
			buildRules = (
			);
			dependencies = (
				0DC923592884B5DE007783EB /* PBXTargetDependency */,
			);
			name = FourSquareUITests;
			productName = FourSquareUITests;
			productReference = 0DC923572884B5DE007783EB /* FourSquareUITests.xctest */;
			productType = "com.apple.product-type.bundle.ui-testing";
		};
/* End PBXNativeTarget section */

/* Begin PBXProject section */
		0DC923352884B5DB007783EB /* Project object */ = {
			isa = PBXProject;
			attributes = {
				BuildIndependentTargetsInParallel = 1;
				LastSwiftUpdateCheck = 1320;
				LastUpgradeCheck = 1320;
				TargetAttributes = {
					0DC9233C2884B5DB007783EB = {
						CreatedOnToolsVersion = 13.2.1;
					};
					0DC9234C2884B5DD007783EB = {
						CreatedOnToolsVersion = 13.2.1;
						TestTargetID = 0DC9233C2884B5DB007783EB;
					};
					0DC923562884B5DE007783EB = {
						CreatedOnToolsVersion = 13.2.1;
						TestTargetID = 0DC9233C2884B5DB007783EB;
					};
				};
			};
			buildConfigurationList = 0DC923382884B5DB007783EB /* Build configuration list for PBXProject "FourSquare" */;
			compatibilityVersion = "Xcode 13.0";
			developmentRegion = en;
			hasScannedForEncodings = 0;
			knownRegions = (
				en,
				Base,
			);
			mainGroup = 0DC923342884B5DB007783EB;
			productRefGroup = 0DC9233E2884B5DB007783EB /* Products */;
			projectDirPath = "";
			projectRoot = "";
			targets = (
				0DC9233C2884B5DB007783EB /* FourSquare */,
				0DC9234C2884B5DD007783EB /* FourSquareTests */,
				0DC923562884B5DE007783EB /* FourSquareUITests */,
			);
		};
/* End PBXProject section */

/* Begin PBXResourcesBuildPhase section */
		0DC9233B2884B5DB007783EB /* Resources */ = {
			isa = PBXResourcesBuildPhase;
			buildActionMask = 2147483647;
			files = (
				0DC923482884B5DD007783EB /* Preview Assets.xcassets in Resources */,
				0DC923BC28885B0B007783EB /* Settings.bundle in Resources */,
				0DC923452884B5DD007783EB /* Assets.xcassets in Resources */,
			);
			runOnlyForDeploymentPostprocessing = 0;
		};
		0DC9234B2884B5DD007783EB /* Resources */ = {
			isa = PBXResourcesBuildPhase;
			buildActionMask = 2147483647;
			files = (
			);
			runOnlyForDeploymentPostprocessing = 0;
		};
		0DC923552884B5DE007783EB /* Resources */ = {
			isa = PBXResourcesBuildPhase;
			buildActionMask = 2147483647;
			files = (
			);
			runOnlyForDeploymentPostprocessing = 0;
		};
/* End PBXResourcesBuildPhase section */

/* Begin PBXSourcesBuildPhase section */
		0DC923392884B5DB007783EB /* Sources */ = {
			isa = PBXSourcesBuildPhase;
			buildActionMask = 2147483647;
			files = (
				0DC923892885F20E007783EB /* PlacesSearchEndpoints.swift in Sources */,
				0DC923B728884629007783EB /* UserLocationService.swift in Sources */,
				0DC9236C2885E06C007783EB /* Requestable.swift in Sources */,
				0DC9239A2887FC33007783EB /* VenuesViewModel.swift in Sources */,
				0DC923B52888368A007783EB /* FSError.swift in Sources */,
				0DC9237F2885ECFE007783EB /* Bundle+Extensions.swift in Sources */,
				0DC923762885E354007783EB /* Environment.swift in Sources */,
				0DC923AF2888333A007783EB /* LoadingView.swift in Sources */,
				0DC9239C2887FC40007783EB /* VenuesView.swift in Sources */,
				0DC923742885E343007783EB /* APIClient.swift in Sources */,
				0DC923AD28883309007783EB /* UIImage+Extensions.swift in Sources */,
				0DC923A92888327F007783EB /* ErrorView.swift in Sources */,
				0DC923B328883369007783EB /* EmptyResultsViewModel.swift in Sources */,
				0DC923792885E478007783EB /* URL+Extensions.swift in Sources */,
				0DC9238B2885F5FA007783EB /* PlacesSearchService.swift in Sources */,
				0DC923A728883274007783EB /* ErrorViewModel.swift in Sources */,
				0DC9236E2885E0E7007783EB /* NetworkRequest.swift in Sources */,
				0DC9238E2885F62F007783EB /* FSResponse.swift in Sources */,
				0DC923B928884BB2007783EB /* Publisher+Extensions.swift in Sources */,
				0DC923A52887FEB6007783EB /* LoadableData.swift in Sources */,
				0DC923822885EF07007783EB /* Reachability.swift in Sources */,
				0DC923722885E334007783EB /* NetworkError.swift in Sources */,
				0DC923AB288832D0007783EB /* PrimaryActionButton.swift in Sources */,
				0DC923702885E326007783EB /* HTTPMethod.swift in Sources */,
				0DC923412884B5DB007783EB /* FourSquareApp.swift in Sources */,
				0DC923B12888335C007783EB /* EmptyResultsView.swift in Sources */,
			);
			runOnlyForDeploymentPostprocessing = 0;
		};
		0DC923492884B5DD007783EB /* Sources */ = {
			isa = PBXSourcesBuildPhase;
			buildActionMask = 2147483647;
			files = (
				0DC923522884B5DE007783EB /* FourSquareTests.swift in Sources */,
			);
			runOnlyForDeploymentPostprocessing = 0;
		};
		0DC923532884B5DE007783EB /* Sources */ = {
			isa = PBXSourcesBuildPhase;
			buildActionMask = 2147483647;
			files = (
				0DC9235C2884B5DE007783EB /* FourSquareUITests.swift in Sources */,
				0DC9235E2884B5DE007783EB /* FourSquareUITestsLaunchTests.swift in Sources */,
			);
			runOnlyForDeploymentPostprocessing = 0;
		};
/* End PBXSourcesBuildPhase section */

/* Begin PBXTargetDependency section */
		0DC9234F2884B5DD007783EB /* PBXTargetDependency */ = {
			isa = PBXTargetDependency;
			target = 0DC9233C2884B5DB007783EB /* FourSquare */;
			targetProxy = 0DC9234E2884B5DD007783EB /* PBXContainerItemProxy */;
		};
		0DC923592884B5DE007783EB /* PBXTargetDependency */ = {
			isa = PBXTargetDependency;
			target = 0DC9233C2884B5DB007783EB /* FourSquare */;
			targetProxy = 0DC923582884B5DE007783EB /* PBXContainerItemProxy */;
		};
/* End PBXTargetDependency section */

/* Begin XCBuildConfiguration section */
		0DC9235F2884B5DE007783EB /* Debug */ = {
			isa = XCBuildConfiguration;
			baseConfigurationReference = 0DC9237B2885E933007783EB /* development.xcconfig */;
			buildSettings = {
				ALWAYS_SEARCH_USER_PATHS = NO;
				CLANG_ANALYZER_NONNULL = YES;
				CLANG_ANALYZER_NUMBER_OBJECT_CONVERSION = YES_AGGRESSIVE;
				CLANG_CXX_LANGUAGE_STANDARD = "gnu++17";
				CLANG_CXX_LIBRARY = "libc++";
				CLANG_ENABLE_MODULES = YES;
				CLANG_ENABLE_OBJC_ARC = YES;
				CLANG_ENABLE_OBJC_WEAK = YES;
				CLANG_WARN_BLOCK_CAPTURE_AUTORELEASING = YES;
				CLANG_WARN_BOOL_CONVERSION = YES;
				CLANG_WARN_COMMA = YES;
				CLANG_WARN_CONSTANT_CONVERSION = YES;
				CLANG_WARN_DEPRECATED_OBJC_IMPLEMENTATIONS = YES;
				CLANG_WARN_DIRECT_OBJC_ISA_USAGE = YES_ERROR;
				CLANG_WARN_DOCUMENTATION_COMMENTS = YES;
				CLANG_WARN_EMPTY_BODY = YES;
				CLANG_WARN_ENUM_CONVERSION = YES;
				CLANG_WARN_INFINITE_RECURSION = YES;
				CLANG_WARN_INT_CONVERSION = YES;
				CLANG_WARN_NON_LITERAL_NULL_CONVERSION = YES;
				CLANG_WARN_OBJC_IMPLICIT_RETAIN_SELF = YES;
				CLANG_WARN_OBJC_LITERAL_CONVERSION = YES;
				CLANG_WARN_OBJC_ROOT_CLASS = YES_ERROR;
				CLANG_WARN_QUOTED_INCLUDE_IN_FRAMEWORK_HEADER = YES;
				CLANG_WARN_RANGE_LOOP_ANALYSIS = YES;
				CLANG_WARN_STRICT_PROTOTYPES = YES;
				CLANG_WARN_SUSPICIOUS_MOVE = YES;
				CLANG_WARN_UNGUARDED_AVAILABILITY = YES_AGGRESSIVE;
				CLANG_WARN_UNREACHABLE_CODE = YES;
				CLANG_WARN__DUPLICATE_METHOD_MATCH = YES;
				COPY_PHASE_STRIP = NO;
				DEBUG_INFORMATION_FORMAT = dwarf;
				ENABLE_STRICT_OBJC_MSGSEND = YES;
				ENABLE_TESTABILITY = YES;
				GCC_C_LANGUAGE_STANDARD = gnu11;
				GCC_DYNAMIC_NO_PIC = NO;
				GCC_NO_COMMON_BLOCKS = YES;
				GCC_OPTIMIZATION_LEVEL = 0;
				GCC_PREPROCESSOR_DEFINITIONS = (
					"DEBUG=1",
					"$(inherited)",
				);
				GCC_WARN_64_TO_32_BIT_CONVERSION = YES;
				GCC_WARN_ABOUT_RETURN_TYPE = YES_ERROR;
				GCC_WARN_UNDECLARED_SELECTOR = YES;
				GCC_WARN_UNINITIALIZED_AUTOS = YES_AGGRESSIVE;
				GCC_WARN_UNUSED_FUNCTION = YES;
				GCC_WARN_UNUSED_VARIABLE = YES;
				IPHONEOS_DEPLOYMENT_TARGET = 15.2;
				MTL_ENABLE_DEBUG_INFO = INCLUDE_SOURCE;
				MTL_FAST_MATH = YES;
				ONLY_ACTIVE_ARCH = YES;
				SDKROOT = iphoneos;
				SWIFT_ACTIVE_COMPILATION_CONDITIONS = DEBUG;
				SWIFT_OPTIMIZATION_LEVEL = "-Onone";
			};
			name = Debug;
		};
		0DC923602884B5DE007783EB /* Release */ = {
			isa = XCBuildConfiguration;
			baseConfigurationReference = 0DC9237C2885E943007783EB /* release.xcconfig */;
			buildSettings = {
				ALWAYS_SEARCH_USER_PATHS = NO;
				CLANG_ANALYZER_NONNULL = YES;
				CLANG_ANALYZER_NUMBER_OBJECT_CONVERSION = YES_AGGRESSIVE;
				CLANG_CXX_LANGUAGE_STANDARD = "gnu++17";
				CLANG_CXX_LIBRARY = "libc++";
				CLANG_ENABLE_MODULES = YES;
				CLANG_ENABLE_OBJC_ARC = YES;
				CLANG_ENABLE_OBJC_WEAK = YES;
				CLANG_WARN_BLOCK_CAPTURE_AUTORELEASING = YES;
				CLANG_WARN_BOOL_CONVERSION = YES;
				CLANG_WARN_COMMA = YES;
				CLANG_WARN_CONSTANT_CONVERSION = YES;
				CLANG_WARN_DEPRECATED_OBJC_IMPLEMENTATIONS = YES;
				CLANG_WARN_DIRECT_OBJC_ISA_USAGE = YES_ERROR;
				CLANG_WARN_DOCUMENTATION_COMMENTS = YES;
				CLANG_WARN_EMPTY_BODY = YES;
				CLANG_WARN_ENUM_CONVERSION = YES;
				CLANG_WARN_INFINITE_RECURSION = YES;
				CLANG_WARN_INT_CONVERSION = YES;
				CLANG_WARN_NON_LITERAL_NULL_CONVERSION = YES;
				CLANG_WARN_OBJC_IMPLICIT_RETAIN_SELF = YES;
				CLANG_WARN_OBJC_LITERAL_CONVERSION = YES;
				CLANG_WARN_OBJC_ROOT_CLASS = YES_ERROR;
				CLANG_WARN_QUOTED_INCLUDE_IN_FRAMEWORK_HEADER = YES;
				CLANG_WARN_RANGE_LOOP_ANALYSIS = YES;
				CLANG_WARN_STRICT_PROTOTYPES = YES;
				CLANG_WARN_SUSPICIOUS_MOVE = YES;
				CLANG_WARN_UNGUARDED_AVAILABILITY = YES_AGGRESSIVE;
				CLANG_WARN_UNREACHABLE_CODE = YES;
				CLANG_WARN__DUPLICATE_METHOD_MATCH = YES;
				COPY_PHASE_STRIP = NO;
				DEBUG_INFORMATION_FORMAT = "dwarf-with-dsym";
				ENABLE_NS_ASSERTIONS = NO;
				ENABLE_STRICT_OBJC_MSGSEND = YES;
				GCC_C_LANGUAGE_STANDARD = gnu11;
				GCC_NO_COMMON_BLOCKS = YES;
				GCC_WARN_64_TO_32_BIT_CONVERSION = YES;
				GCC_WARN_ABOUT_RETURN_TYPE = YES_ERROR;
				GCC_WARN_UNDECLARED_SELECTOR = YES;
				GCC_WARN_UNINITIALIZED_AUTOS = YES_AGGRESSIVE;
				GCC_WARN_UNUSED_FUNCTION = YES;
				GCC_WARN_UNUSED_VARIABLE = YES;
				IPHONEOS_DEPLOYMENT_TARGET = 15.2;
				MTL_ENABLE_DEBUG_INFO = NO;
				MTL_FAST_MATH = YES;
				SDKROOT = iphoneos;
				SWIFT_COMPILATION_MODE = wholemodule;
				SWIFT_OPTIMIZATION_LEVEL = "-O";
				VALIDATE_PRODUCT = YES;
			};
			name = Release;
		};
		0DC923622884B5DE007783EB /* Debug */ = {
			isa = XCBuildConfiguration;
			baseConfigurationReference = 0DC9237B2885E933007783EB /* development.xcconfig */;
			buildSettings = {
				ASSETCATALOG_COMPILER_APPICON_NAME = AppIcon;
				ASSETCATALOG_COMPILER_GLOBAL_ACCENT_COLOR_NAME = AccentColor;
				CODE_SIGN_STYLE = Automatic;
				CURRENT_PROJECT_VERSION = 1;
				DEVELOPMENT_ASSET_PATHS = "\"FourSquare/Preview Content\"";
				ENABLE_PREVIEWS = YES;
				GENERATE_INFOPLIST_FILE = YES;
				INFOPLIST_FILE = FourSquare/Info.plist;
				INFOPLIST_KEY_UIApplicationSceneManifest_Generation = YES;
				INFOPLIST_KEY_UIApplicationSupportsIndirectInputEvents = YES;
				INFOPLIST_KEY_UILaunchScreen_Generation = YES;
				INFOPLIST_KEY_UISupportedInterfaceOrientations_iPad = "UIInterfaceOrientationPortrait UIInterfaceOrientationPortraitUpsideDown UIInterfaceOrientationLandscapeLeft UIInterfaceOrientationLandscapeRight";
				INFOPLIST_KEY_UISupportedInterfaceOrientations_iPhone = "UIInterfaceOrientationPortrait UIInterfaceOrientationLandscapeLeft UIInterfaceOrientationLandscapeRight";
				LD_RUNPATH_SEARCH_PATHS = (
					"$(inherited)",
					"@executable_path/Frameworks",
				);
				MARKETING_VERSION = 1.0;
				PRODUCT_BUNDLE_IDENTIFIER = com.notthereyet.org.FourSquare;
				PRODUCT_NAME = "$(TARGET_NAME)";
				SWIFT_EMIT_LOC_STRINGS = YES;
				SWIFT_VERSION = 5.0;
				TARGETED_DEVICE_FAMILY = "1,2";
			};
			name = Debug;
		};
		0DC923632884B5DE007783EB /* Release */ = {
			isa = XCBuildConfiguration;
			baseConfigurationReference = 0DC9237C2885E943007783EB /* release.xcconfig */;
			buildSettings = {
				ASSETCATALOG_COMPILER_APPICON_NAME = AppIcon;
				ASSETCATALOG_COMPILER_GLOBAL_ACCENT_COLOR_NAME = AccentColor;
				CODE_SIGN_STYLE = Automatic;
				CURRENT_PROJECT_VERSION = 1;
				DEVELOPMENT_ASSET_PATHS = "\"FourSquare/Preview Content\"";
				ENABLE_PREVIEWS = YES;
				GENERATE_INFOPLIST_FILE = YES;
				INFOPLIST_FILE = FourSquare/Info.plist;
				INFOPLIST_KEY_UIApplicationSceneManifest_Generation = YES;
				INFOPLIST_KEY_UIApplicationSupportsIndirectInputEvents = YES;
				INFOPLIST_KEY_UILaunchScreen_Generation = YES;
				INFOPLIST_KEY_UISupportedInterfaceOrientations_iPad = "UIInterfaceOrientationPortrait UIInterfaceOrientationPortraitUpsideDown UIInterfaceOrientationLandscapeLeft UIInterfaceOrientationLandscapeRight";
				INFOPLIST_KEY_UISupportedInterfaceOrientations_iPhone = "UIInterfaceOrientationPortrait UIInterfaceOrientationLandscapeLeft UIInterfaceOrientationLandscapeRight";
				LD_RUNPATH_SEARCH_PATHS = (
					"$(inherited)",
					"@executable_path/Frameworks",
				);
				MARKETING_VERSION = 1.0;
				PRODUCT_BUNDLE_IDENTIFIER = com.notthereyet.org.FourSquare;
				PRODUCT_NAME = "$(TARGET_NAME)";
				SWIFT_EMIT_LOC_STRINGS = YES;
				SWIFT_VERSION = 5.0;
				TARGETED_DEVICE_FAMILY = "1,2";
			};
			name = Release;
		};
		0DC923652884B5DE007783EB /* Debug */ = {
			isa = XCBuildConfiguration;
			baseConfigurationReference = 0DC9237B2885E933007783EB /* development.xcconfig */;
			buildSettings = {
				ALWAYS_EMBED_SWIFT_STANDARD_LIBRARIES = YES;
				BUNDLE_LOADER = "$(TEST_HOST)";
				CODE_SIGN_STYLE = Automatic;
				CURRENT_PROJECT_VERSION = 1;
				GENERATE_INFOPLIST_FILE = YES;
				IPHONEOS_DEPLOYMENT_TARGET = 15.2;
				MARKETING_VERSION = 1.0;
				PRODUCT_BUNDLE_IDENTIFIER = com.notthereyet.org.FourSquareTests;
				PRODUCT_NAME = "$(TARGET_NAME)";
				SWIFT_EMIT_LOC_STRINGS = NO;
				SWIFT_VERSION = 5.0;
				TARGETED_DEVICE_FAMILY = "1,2";
				TEST_HOST = "$(BUILT_PRODUCTS_DIR)/FourSquare.app/FourSquare";
			};
			name = Debug;
		};
		0DC923662884B5DE007783EB /* Release */ = {
			isa = XCBuildConfiguration;
			baseConfigurationReference = 0DC9237C2885E943007783EB /* release.xcconfig */;
			buildSettings = {
				ALWAYS_EMBED_SWIFT_STANDARD_LIBRARIES = YES;
				BUNDLE_LOADER = "$(TEST_HOST)";
				CODE_SIGN_STYLE = Automatic;
				CURRENT_PROJECT_VERSION = 1;
				GENERATE_INFOPLIST_FILE = YES;
				IPHONEOS_DEPLOYMENT_TARGET = 15.2;
				MARKETING_VERSION = 1.0;
				PRODUCT_BUNDLE_IDENTIFIER = com.notthereyet.org.FourSquareTests;
				PRODUCT_NAME = "$(TARGET_NAME)";
				SWIFT_EMIT_LOC_STRINGS = NO;
				SWIFT_VERSION = 5.0;
				TARGETED_DEVICE_FAMILY = "1,2";
				TEST_HOST = "$(BUILT_PRODUCTS_DIR)/FourSquare.app/FourSquare";
			};
			name = Release;
		};
		0DC923682884B5DE007783EB /* Debug */ = {
			isa = XCBuildConfiguration;
			baseConfigurationReference = 0DC9237B2885E933007783EB /* development.xcconfig */;
			buildSettings = {
				ALWAYS_EMBED_SWIFT_STANDARD_LIBRARIES = YES;
				CODE_SIGN_STYLE = Automatic;
				CURRENT_PROJECT_VERSION = 1;
				GENERATE_INFOPLIST_FILE = YES;
				MARKETING_VERSION = 1.0;
				PRODUCT_BUNDLE_IDENTIFIER = com.notthereyet.org.FourSquareUITests;
				PRODUCT_NAME = "$(TARGET_NAME)";
				SWIFT_EMIT_LOC_STRINGS = NO;
				SWIFT_VERSION = 5.0;
				TARGETED_DEVICE_FAMILY = "1,2";
				TEST_TARGET_NAME = FourSquare;
			};
			name = Debug;
		};
		0DC923692884B5DE007783EB /* Release */ = {
			isa = XCBuildConfiguration;
			baseConfigurationReference = 0DC9237C2885E943007783EB /* release.xcconfig */;
			buildSettings = {
				ALWAYS_EMBED_SWIFT_STANDARD_LIBRARIES = YES;
				CODE_SIGN_STYLE = Automatic;
				CURRENT_PROJECT_VERSION = 1;
				GENERATE_INFOPLIST_FILE = YES;
				MARKETING_VERSION = 1.0;
				PRODUCT_BUNDLE_IDENTIFIER = com.notthereyet.org.FourSquareUITests;
				PRODUCT_NAME = "$(TARGET_NAME)";
				SWIFT_EMIT_LOC_STRINGS = NO;
				SWIFT_VERSION = 5.0;
				TARGETED_DEVICE_FAMILY = "1,2";
				TEST_TARGET_NAME = FourSquare;
			};
			name = Release;
		};
/* End XCBuildConfiguration section */

/* Begin XCConfigurationList section */
		0DC923382884B5DB007783EB /* Build configuration list for PBXProject "FourSquare" */ = {
			isa = XCConfigurationList;
			buildConfigurations = (
				0DC9235F2884B5DE007783EB /* Debug */,
				0DC923602884B5DE007783EB /* Release */,
			);
			defaultConfigurationIsVisible = 0;
			defaultConfigurationName = Release;
		};
		0DC923612884B5DE007783EB /* Build configuration list for PBXNativeTarget "FourSquare" */ = {
			isa = XCConfigurationList;
			buildConfigurations = (
				0DC923622884B5DE007783EB /* Debug */,
				0DC923632884B5DE007783EB /* Release */,
			);
			defaultConfigurationIsVisible = 0;
			defaultConfigurationName = Release;
		};
		0DC923642884B5DE007783EB /* Build configuration list for PBXNativeTarget "FourSquareTests" */ = {
			isa = XCConfigurationList;
			buildConfigurations = (
				0DC923652884B5DE007783EB /* Debug */,
				0DC923662884B5DE007783EB /* Release */,
			);
			defaultConfigurationIsVisible = 0;
			defaultConfigurationName = Release;
		};
		0DC923672884B5DE007783EB /* Build configuration list for PBXNativeTarget "FourSquareUITests" */ = {
			isa = XCConfigurationList;
			buildConfigurations = (
				0DC923682884B5DE007783EB /* Debug */,
				0DC923692884B5DE007783EB /* Release */,
			);
			defaultConfigurationIsVisible = 0;
			defaultConfigurationName = Release;
		};
/* End XCConfigurationList section */
	};
	rootObject = 0DC923352884B5DB007783EB /* Project object */;
}
